	<Project xmlns="http://schemas.microsoft.com/developer/msbuild/2003">
		<PropertyGroup>
			<ProjectGuid>{F2C5E283-41D5-454A-B142-B0F0C5A17958}</ProjectGuid>
			<ProjectVersion>12.3</ProjectVersion>
			<MainSource>LogisticStream.dpr</MainSource>
			<Base>True</Base>
			<Config Condition="'$(Config)'==''">Debug</Config>
			<Platform>Win32</Platform>
			<AppType>Application</AppType>
			<FrameworkType>VCL</FrameworkType>
			<DCC_DCCCompiler>DCC32</DCC_DCCCompiler>
		</PropertyGroup>
		<PropertyGroup Condition="'$(Config)'=='Base' or '$(Base)'!=''">
			<Base>true</Base>
		</PropertyGroup>
		<PropertyGroup Condition="'$(Config)'=='Debug' or '$(Cfg_1)'!=''">
			<Cfg_1>true</Cfg_1>
			<CfgParent>Base</CfgParent>
			<Base>true</Base>
		</PropertyGroup>
		<PropertyGroup Condition="'$(Config)'=='Release' or '$(Cfg_2)'!=''">
			<Cfg_2>true</Cfg_2>
			<CfgParent>Base</CfgParent>
			<Base>true</Base>
		</PropertyGroup>
		<PropertyGroup Condition="'$(Base)'!=''">
			<DCC_UsePackage>vclimg;vcl;vclx;dbrtl;Rave90VCL;bdertl;VclSmp;rtl;svnui;svn;TeeUI;TeeDB;Tee;vclactnband;vcldb;vcldbx;vcltouch;xmlrtl;dsnap;dsnapcon;vclib;ibxpress;adortl;IndyCore;IndySystem;IndyProtocols;inet;intrawebdb_110_150;Intraweb_110_150;vclie;websnap;webdsnap;inetdb;inetdbbde;inetdbxpress;soaprtl;vclribbon;dbexpress;DbxCommonDriver;DataSnapIndy10ServerTransport;DataSnapProviderClient;DbxClientDriver;DataSnapClient;dbxcds;DataSnapServer;AzureCloud;DBXInterBaseDriver;DBXMySQLDriver;DBXFirebirdDriver;DBXSybaseASEDriver;DBXSybaseASADriver;DBXOracleDriver;DBXMSSQLDriver;DBXInformixDriver;DBXDb2Driver;CodeSiteExpressVcl;FIBPlus2011;frxADO15;frxBDE15;frxcs15;frxDB15;frx15;frxDBX15;frxe15;frxTee15;fs15;fsADO15;fsBDE15;fsDB15;fsTee15;frxFib15;dxCoreD15;cxLibraryD15;cxEditorsD15;cxExtEditorsD15;dxBarD15;dxBarDBNavD15;dxBarExtDBItemsD15;dxBarExtItemsD15;dxRibbonD15;cxBarEditItemD15;dxdbtrD15;dxtrmdD15;dxmdsD15;dxDockingD15;dxThemeD15;dxGDIPlusD15;dxFlowChartD15;cxPageControlD15;dxLayoutControlD15;dxNavBarD15;dxorgcD15;dxdborD15;cxGridD15;cxPivotGridD15;cxPivotGridChartD15;cxPivotGridOLAPD15;cxTreeListD15;cxTreeListdxBarPopupMenuD15;cxSchedulerD15;cxSchedulerGridD15;dxComnD15;dxsbD15;dcldxSkinsCoreD15;dxSkinsCoreD15;dxSkinscxPCPainterD15;dxSkinscxScheduler3PainterD15;dxSkinsdxDLPainterD15;dxSkinsdxBarPainterD15;dxSkinsdxNavBar2PainterD15;dxSpellCheckerD15;cxSpreadSheetD15;cxVerticalGridD15;dxPSCoreD15;dxPSLnksD15;dxPScxCommonD15;dxPScxExtCommonD15;dxPScxGrid6LnkD15;dxPScxPivotGrid2LnkD15;dxPScxScheduler3LnkD15;dxPScxSSLnkD15;dxPScxTL5LnkD15;dxPScxVGridLnkD15;dxPSTeeChartD15;dxPSDBTeeChartD15;dxPSdxOCLnkD15;dxPSdxDBOCLnkD15;dxPSdxDBTVLnkD15;dxPSdxFCLnkD15;dxPSdxLC2LnkD15;dxPScxPCProdD15;dxPsPrVwAdvD15;dxPSPrVwRibbonD15;dxSkinsdxRibbonPainterD15</DCC_UsePackage>
			<DCC_ImageBase>00400000</DCC_ImageBase>
			<DCC_DcuOutput>.\$(Config)\$(Platform)</DCC_DcuOutput>
			<DCC_UnitAlias>WinTypes=Windows;WinProcs=Windows;DbiTypes=BDE;DbiProcs=BDE;$(DCC_UnitAlias)</DCC_UnitAlias>
			<DCC_ExeOutput>.\$(Config)\$(Platform)</DCC_ExeOutput>
		</PropertyGroup>
		<PropertyGroup Condition="'$(Cfg_1)'!=''">
			<DCC_DebugInformation>false</DCC_DebugInformation>
			<DCC_LocalDebugSymbols>false</DCC_LocalDebugSymbols>
			<DCC_AssertionsAtRuntime>false</DCC_AssertionsAtRuntime>
			<DCC_ImportedDataReferences>false</DCC_ImportedDataReferences>
			<DCC_Define>DEBUG;$(DCC_Define)</DCC_Define>
			<DCC_GenerateStackFrames>true</DCC_GenerateStackFrames>
		</PropertyGroup>
		<PropertyGroup Condition="'$(Cfg_2)'!=''">
			<DCC_LocalDebugSymbols>false</DCC_LocalDebugSymbols>
			<DCC_Define>RELEASE;$(DCC_Define)</DCC_Define>
			<DCC_SymbolReferenceInfo>0</DCC_SymbolReferenceInfo>
			<DCC_DebugInformation>false</DCC_DebugInformation>
		</PropertyGroup>
		<ItemGroup>
			<DelphiCompile Include="LogisticStream.dpr">
				<MainSource>MainSource</MainSource>
			</DelphiCompile>
			<DCCReference Include="Main.pas">
				<Form>frmMain</Form>
			</DCCReference>
			<DCCReference Include="DM.pas">
				<Form>frmDM</Form>
				<DesignClass>TDataModule</DesignClass>
			</DCCReference>
			<DCCReference Include="TDir.pas">
				<Form>frmListProto</Form>
			</DCCReference>
			<DCCReference Include="Organisation.pas">
				<Form>frmOrganisation</Form>
			</DCCReference>
			<DCCReference Include="Courier.pas">
				<Form>frmCourier</Form>
			</DCCReference>
			<DCCReference Include="Persons.pas">
				<Form>frmPersons</Form>
			</DCCReference>
			<DCCReference Include="Vehicle.pas">
				<Form>frmVehicle</Form>
			</DCCReference>
			<DCCReference Include="TU.pas">
				<Form>frmTU</Form>
			</DCCReference>
			<DCCReference Include="Address.pas">
				<Form>frmAddress</Form>
			</DCCReference>
			<DCCReference Include="Store.pas">
				<Form>frmStore</Form>
			</DCCReference>
			<DCCReference Include="PaymentForm.pas">
				<Form>frmPaymentForm</Form>
			</DCCReference>
			<DCCReference Include="DeliveryMethods.pas">
				<Form>frmDeliveryMethods</Form>
			</DCCReference>
			<DCCReference Include="RequestTypes.pas">
				<Form>frmRequestTypes</Form>
			</DCCReference>
			<DCCReference Include="Status.pas">
				<Form>frmStatus</Form>
			</DCCReference>
			<DCCReference Include="RequestTypeReasons.pas">
				<Form>frmRequestTypeReasons</Form>
			</DCCReference>
			<DCCReference Include="RequestTypeStatuses.pas">
				<Form>frmRequestTypeStatuses</Form>
			</DCCReference>
			<DCCReference Include="Nomenclature.pas">
				<Form>frmNomenclature</Form>
			</DCCReference>
			<DCCReference Include="Contractor.pas">
				<Form>frmContractor</Form>
			</DCCReference>
			<DCCReference Include="TAbstRequest.pas">
				<Form>frmAbstRequest</Form>
			</DCCReference>
			<DCCReference Include="RequestsList.pas">
				<Form>frmRequestsList</Form>
			</DCCReference>
			<DCCReference Include="RequestIncome.pas">
				<Form>frmRequestIncome</Form>
			</DCCReference>
			<DCCReference Include="RequestOutcome.pas">
				<Form>frmRequestOutcome</Form>
			</DCCReference>
			<DCCReference Include="RequestTransfer.pas">
				<Form>frmRequestTransfer</Form>
			</DCCReference>
			<DCCReference Include="RequestAssignment.pas">
				<Form>frmRequestAssignment</Form>
			</DCCReference>
			<DCCReference Include="CourierPlans.pas">
				<Form>frmCourierPlans</Form>
			</DCCReference>
			<DCCReference Include="Conflicts.pas">
				<Form>frmConflicts</Form>
			</DCCReference>
			<DCCReference Include="Users.pas">
				<Form>frmUsers</Form>
			</DCCReference>
			<DCCReference Include="LogIn.pas">
				<Form>frmLogIn</Form>
			</DCCReference>
			<BuildConfiguration Include="Release">
				<Key>Cfg_2</Key>
				<CfgParent>Base</CfgParent>
			</BuildConfiguration>
			<BuildConfiguration Include="Base">
				<Key>Base</Key>
			</BuildConfiguration>
			<BuildConfiguration Include="Debug">
				<Key>Cfg_1</Key>
				<CfgParent>Base</CfgParent>
			</BuildConfiguration>
		</ItemGroup>
		<Import Condition="Exists('$(BDS)\Bin\CodeGear.Delphi.Targets')" Project="$(BDS)\Bin\CodeGear.Delphi.Targets"/>
		<Import Condition="Exists('$(APPDATA)\Embarcadero\$(BDSAPPDATABASEDIR)\$(PRODUCTVERSION)\UserTools.proj')" Project="$(APPDATA)\Embarcadero\$(BDSAPPDATABASEDIR)\$(PRODUCTVERSION)\UserTools.proj"/>
		<ProjectExtensions>
			<Borland.Personality>Delphi.Personality.12</Borland.Personality>
			<Borland.ProjectType/>
			<BorlandProject>
				<Delphi.Personality>
					<VersionInfo>
						<VersionInfo Name="IncludeVerInfo">True</VersionInfo>
						<VersionInfo Name="AutoIncBuild">True</VersionInfo>
						<VersionInfo Name="MajorVer">1</VersionInfo>
						<VersionInfo Name="MinorVer">9</VersionInfo>
						<VersionInfo Name="Release">1</VersionInfo>
						<VersionInfo Name="Build">3</VersionInfo>
						<VersionInfo Name="Debug">False</VersionInfo>
						<VersionInfo Name="PreRelease">False</VersionInfo>
						<VersionInfo Name="Special">False</VersionInfo>
						<VersionInfo Name="Private">False</VersionInfo>
						<VersionInfo Name="DLL">False</VersionInfo>
						<VersionInfo Name="Locale">1049</VersionInfo>
						<VersionInfo Name="CodePage">1251</VersionInfo>
					</VersionInfo>
					<VersionInfoKeys>
						<VersionInfoKeys Name="CompanyName"/>
						<VersionInfoKeys Name="FileDescription"/>
						<VersionInfoKeys Name="FileVersion">1.9.1.3</VersionInfoKeys>
						<VersionInfoKeys Name="InternalName"/>
						<VersionInfoKeys Name="LegalCopyright"/>
						<VersionInfoKeys Name="LegalTrademarks"/>
						<VersionInfoKeys Name="OriginalFilename"/>
						<VersionInfoKeys Name="ProductName"/>
						<VersionInfoKeys Name="ProductVersion">1.0.0.0</VersionInfoKeys>
						<VersionInfoKeys Name="Comments"/>
					</VersionInfoKeys>
					<Excluded_Packages>
						<Excluded_Packages Name="$(BDSBIN)\dcloffice2k150.bpl">Microsoft Office 2000 Sample Automation Server Wrapper Components</Excluded_Packages>
						<Excluded_Packages Name="$(BDSBIN)\dclofficexp150.bpl">Microsoft Office XP Sample Automation Server Wrapper Components</Excluded_Packages>
					</Excluded_Packages>
					<Source>
						<Source Name="MainSource">LogisticStream.dpr</Source>
					</Source>
				</Delphi.Personality>
				<Platforms>
					<Platform value="Win32">True</Platform>
				</Platforms>
				<ModelSupport>False</ModelSupport>
			</BorlandProject>
			<ProjectFileVersion>12</ProjectFileVersion>
		</ProjectExtensions>
	</Project>
